
Microsoft Visual Studio Solution File, Format Version 12.00
# Visual Studio Version 17
VisualStudioVersion = 17.5.33530.505
MinimumVisualStudioVersion = 10.0.40219.1
Project("{FAE04EC0-301F-11D3-BF4B-00C04F79EFBC}") = "ChuckNorrisConnector", "ChuckNorrisConnector.csproj", "{02E33F92-35AA-4442-A79C-1CFF885942B9}"
EndProject
Global
	GlobalSection(SolutionConfigurationPlatforms) = preSolution
		Debug|Any CPU = Debug|Any CPU
		Release|Any CPU = Release|Any CPU
	EndGlobalSection
	GlobalSection(ProjectConfigurationPlatforms) = postSolution
		{02E33F92-35AA-4442-A79C-1CFF885942B9}.Debug|Any CPU.ActiveCfg = Debug|Any CPU
		{02E33F92-35AA-4442-A79C-1CFF885942B9}.Debug|Any CPU.Build.0 = Debug|Any CPU
		{02E33F92-35AA-4442-A79C-1CFF885942B9}.Release|Any CPU.ActiveCfg = Release|Any CPU
		{02E33F92-35AA-4442-A79C-1CFF885942B9}.Release|Any CPU.Build.0 = Release|Any CPU
	EndGlobalSection
	GlobalSection(SolutionProperties) = preSolution
		HideSolutionNode = FALSE
	EndGlobalSection
	GlobalSection(ExtensibilityGlobals) = postSolution
		SolutionGuid = {FDB27CCC-FDCB-4714-A514-527652B41BE6}
	EndGlobalSection
EndGlobal
